
Microsoft Visual Studio Solution File, Format Version 12.00
# Visual Studio Version 16
VisualStudioVersion = 16.0.31829.152
MinimumVisualStudioVersion = 10.0.40219.1
Project("{FAE04EC0-301F-11D3-BF4B-00C04F79EFBC}") = "Farmer", "Farmer\Farmer.csproj", "{30B6ABC8-DF01-4503-81DD-88985D434533}"
EndProject
Global
	GlobalSection(SolutionConfigurationPlatforms) = preSolution
		Debug|Any CPU = Debug|Any CPU
		Release|Any CPU = Release|Any CPU
	EndGlobalSection
	GlobalSection(ProjectConfigurationPlatforms) = postSolution
		{30B6ABC8-DF01-4503-81DD-88985D434533}.Debug|Any CPU.ActiveCfg = Debug|Any CPU
		{30B6ABC8-DF01-4503-81DD-88985D434533}.Debug|Any CPU.Build.0 = Debug|Any CPU
		{30B6ABC8-DF01-4503-81DD-88985D434533}.Release|Any CPU.ActiveCfg = Release|Any CPU
		{30B6ABC8-DF01-4503-81DD-88985D434533}.Release|Any CPU.Build.0 = Release|Any CPU
	EndGlobalSection
	GlobalSection(SolutionProperties) = preSolution
		HideSolutionNode = FALSE
	EndGlobalSection
	GlobalSection(ExtensibilityGlobals) = postSolution
		SolutionGuid = {89AF88C5-EEBF-45EA-A39D-4ACD03C8EC04}
	EndGlobalSection
EndGlobal
